{
  "nodes": {
    "nixpkgs": {
      "locked": {
        "lastModified": 1783224372,
        "narHash": "sha256-8i/87eeoqiGE4yOTjwSA3Eh/ziJRQEmd/unYU+K27sk=",
        "owner": "NixOS",
        "repo": "nixpkgs",
        "rev": "d407951447dcd00442e97087bf374aad70c04cea",
        "type": "github"
      },
      "original": {
        "owner": "NixOS",
        "ref": "nixos-unstable",
        "repo": "nixpkgs",
        "type": "github"
      }
    },
    "nixpkgs_2": {
      "locked": {
        "lastModified": 1781577229,
        "narHash": "sha256-lrp67w8AulE9Ks53n27I45ADSzbOCn4H+CNW1Ck8B+8=",
        "owner": "NixOS",
        "repo": "nixpkgs",
        "rev": "567a49d1913ce81ac6e9582e3553dd90a955875f",
        "type": "github"
      },
      "original": {
        "owner": "NixOS",
        "ref": "nixos-unstable",
        "repo": "nixpkgs",
        "type": "github"
      }
    },
    "press": {
      "locked": {
        "lastModified": 1783211221,
        "narHash": "sha256-Sud3vKZtxeEpiukcOCFXDKZ0Lieo8TvzNdylSvf6/9Y=",
        "owner": "RossSmyth",
        "repo": "press",
        "rev": "84b251fbe0fc95705bd728af74af692809188871",
        "type": "github"
      },
      "original": {
        "owner": "RossSmyth",
        "repo": "press",
        "type": "github"
      }
    },
    "press_2": {
      "locked": {
        "lastModified": 1781548943,
        "narHash": "sha256-A0pG+Cgr9ULeRym8GF04cxNIUXNnLf18CFl58BbX7uU=",
        "owner": "RossSmyth",
        "repo": "press",
        "rev": "34c7fa49a11ecdaeb06c889babb92d41892eb657",
        "type": "github"
      },
      "original": {
        "owner": "RossSmyth",
        "repo": "press",
        "type": "github"
      }
    },
    "resume": {
      "inputs": {
        "nixpkgs": "nixpkgs_2",
        "press": "press_2"
      },
      "locked": {
        "lastModified": 1782362827,
        "narHash": "sha256-gzI/g5do+NOROXjLRDWg0BMHVZA+o44RpyPp9JsIKyk=",
        "ref": "refs/heads/main",
        "rev": "6775c3701f7eb9f5b283412a4d0984273e02dfe0",
        "revCount": 36,
        "type": "git",
        "url": "ssh://git@github.com/ldjennings/Resume"
      },
      "original": {
        "type": "git",
        "url": "ssh://git@github.com/ldjennings/Resume"
      }
    },
    "root": {
      "inputs": {
        "nixpkgs": "nixpkgs",
        "press": "press",
        "resume": "resume"
      }
    }
  },
  "root": "root",
  "version": 7
}
